
Microsoft Visual Studio Solution File, Format Version 12.00
# Visual Studio Version 17
VisualStudioVersion = 17.4.33403.182
MinimumVisualStudioVersion = 10.0.40219.1
Project("{FAE04EC0-301F-11D3-BF4B-00C04F79EFBC}") = "DAO", "DAO\DAO.csproj", "{A1E198D6-6BF8-4D7E-A1AD-2159B1C29DD1}"
EndProject
Project("{FAE04EC0-301F-11D3-BF4B-00C04F79EFBC}") = "BLL", "BLL\BLL.csproj", "{CE66A0DF-2E3F-4FF5-B83E-C3A72F76C9A8}"
EndProject
Project("{9A19103F-16F7-4668-BE54-9A1E7A4F7556}") = "GUI", "GUI\GUI.csproj", "{4C758333-CB26-4F0F-8448-3D7F257444BD}"
EndProject
Global
	GlobalSection(SolutionConfigurationPlatforms) = preSolution
		Debug|Any CPU = Debug|Any CPU
		Release|Any CPU = Release|Any CPU
	EndGlobalSection
	GlobalSection(ProjectConfigurationPlatforms) = postSolution
		{A1E198D6-6BF8-4D7E-A1AD-2159B1C29DD1}.Debug|Any CPU.ActiveCfg = Debug|Any CPU
		{A1E198D6-6BF8-4D7E-A1AD-2159B1C29DD1}.Debug|Any CPU.Build.0 = Debug|Any CPU
		{A1E198D6-6BF8-4D7E-A1AD-2159B1C29DD1}.Release|Any CPU.ActiveCfg = Release|Any CPU
		{A1E198D6-6BF8-4D7E-A1AD-2159B1C29DD1}.Release|Any CPU.Build.0 = Release|Any CPU
		{CE66A0DF-2E3F-4FF5-B83E-C3A72F76C9A8}.Debug|Any CPU.ActiveCfg = Debug|Any CPU
		{CE66A0DF-2E3F-4FF5-B83E-C3A72F76C9A8}.Debug|Any CPU.Build.0 = Debug|Any CPU
		{CE66A0DF-2E3F-4FF5-B83E-C3A72F76C9A8}.Release|Any CPU.ActiveCfg = Release|Any CPU
		{CE66A0DF-2E3F-4FF5-B83E-C3A72F76C9A8}.Release|Any CPU.Build.0 = Release|Any CPU
		{4C758333-CB26-4F0F-8448-3D7F257444BD}.Debug|Any CPU.ActiveCfg = Debug|Any CPU
		{4C758333-CB26-4F0F-8448-3D7F257444BD}.Debug|Any CPU.Build.0 = Debug|Any CPU
		{4C758333-CB26-4F0F-8448-3D7F257444BD}.Release|Any CPU.ActiveCfg = Release|Any CPU
		{4C758333-CB26-4F0F-8448-3D7F257444BD}.Release|Any CPU.Build.0 = Release|Any CPU
	EndGlobalSection
	GlobalSection(SolutionProperties) = preSolution
		HideSolutionNode = FALSE
	EndGlobalSection
	GlobalSection(ExtensibilityGlobals) = postSolution
		SolutionGuid = {568672AC-ECEC-4996-A765-CFF2ED0209FF}
	EndGlobalSection
EndGlobal
